// !$*UTF8*$!
{
	archiveVersion = 1;
	classes = {
	};
	objectVersion = 51;
	objects = {

/* Begin PBXBuildFile section */
		1A5160EF2423AE1900483CBA /* AppDelegate.swift in Sources */ = {isa = PBXBuildFile; fileRef = 1A5160EE2423AE1900483CBA /* AppDelegate.swift */; };
		1A5160F12423AE1900483CBA /* SceneDelegate.swift in Sources */ = {isa = PBXBuildFile; fileRef = 1A5160F02423AE1900483CBA /* SceneDelegate.swift */; };
		1A5160F32423AE1900483CBA /* ViewController.swift in Sources */ = {isa = PBXBuildFile; fileRef = 1A5160F22423AE1900483CBA /* ViewController.swift */; };
		1A5160F62423AE1900483CBA /* Main.storyboard in Resources */ = {isa = PBXBuildFile; fileRef = 1A5160F42423AE1900483CBA /* Main.storyboard */; };
		1A5160F82423AE1E00483CBA /* Assets.xcassets in Resources */ = {isa = PBXBuildFile; fileRef = 1A5160F72423AE1E00483CBA /* Assets.xcassets */; };
		1A5160FB2423AE1E00483CBA /* LaunchScreen.storyboard in Resources */ = {isa = PBXBuildFile; fileRef = 1A5160F92423AE1E00483CBA /* LaunchScreen.storyboard */; };
		1AA594D52423B6B90039751B /* SingUpViewController.swift in Sources */ = {isa = PBXBuildFile; fileRef = 1AA594D42423B6B90039751B /* SingUpViewController.swift */; };
		1AA594D72423B6D50039751B /* LoginViewController.swift in Sources */ = {isa = PBXBuildFile; fileRef = 1AA594D62423B6D50039751B /* LoginViewController.swift */; };
		1AA594D92423B6F00039751B /* HomeViewController.swift in Sources */ = {isa = PBXBuildFile; fileRef = 1AA594D82423B6F00039751B /* HomeViewController.swift */; };
		1AA594DD2423CE790039751B /* CustomUtils.swift in Sources */ = {isa = PBXBuildFile; fileRef = 1AA594DC2423CE790039751B /* CustomUtils.swift */; };
		1AA594DF2423F1180039751B /* GoogleService-Info.plist in Resources */ = {isa = PBXBuildFile; fileRef = 1AA594DE2423F1180039751B /* GoogleService-Info.plist */; };
		1AA594E1242438FE0039751B /* Constants.swift in Sources */ = {isa = PBXBuildFile; fileRef = 1AA594E0242438FE0039751B /* Constants.swift */; };
		F13573F76477956475E5630A /* Pods_LoginChallenge.framework in Frameworks */ = {isa = PBXBuildFile; fileRef = 24B40BA78EB1264D1AB0F187 /* Pods_LoginChallenge.framework */; };
/* End PBXBuildFile section */

/* Begin PBXFileReference section */
		1A5160EB2423AE1900483CBA /* LoginChallenge.app */ = {isa = PBXFileReference; explicitFileType = wrapper.application; includeInIndex = 0; path = LoginChallenge.app; sourceTree = BUILT_PRODUCTS_DIR; };
		1A5160EE2423AE1900483CBA /* AppDelegate.swift */ = {isa = PBXFileReference; lastKnownFileType = sourcecode.swift; path = AppDelegate.swift; sourceTree = "<group>"; };
		1A5160F02423AE1900483CBA /* SceneDelegate.swift */ = {isa = PBXFileReference; lastKnownFileType = sourcecode.swift; path = SceneDelegate.swift; sourceTree = "<group>"; };
		1A5160F22423AE1900483CBA /* ViewController.swift */ = {isa = PBXFileReference; lastKnownFileType = sourcecode.swift; path = ViewController.swift; sourceTree = "<group>"; };
		1A5160F52423AE1900483CBA /* Base */ = {isa = PBXFileReference; lastKnownFileType = file.storyboard; name = Base; path = Base.lproj/Main.storyboard; sourceTree = "<group>"; };
		1A5160F72423AE1E00483CBA /* Assets.xcassets */ = {isa = PBXFileReference; lastKnownFileType = folder.assetcatalog; path = Assets.xcassets; sourceTree = "<group>"; };
		1A5160FA2423AE1E00483CBA /* Base */ = {isa = PBXFileReference; lastKnownFileType = file.storyboard; name = Base; path = Base.lproj/LaunchScreen.storyboard; sourceTree = "<group>"; };
		1A5160FC2423AE1E00483CBA /* Info.plist */ = {isa = PBXFileReference; lastKnownFileType = text.plist.xml; path = Info.plist; sourceTree = "<group>"; };
		1AA594D42423B6B90039751B /* SingUpViewController.swift */ = {isa = PBXFileReference; lastKnownFileType = sourcecode.swift; path = SingUpViewController.swift; sourceTree = "<group>"; };
		1AA594D62423B6D50039751B /* LoginViewController.swift */ = {isa = PBXFileReference; lastKnownFileType = sourcecode.swift; path = LoginViewController.swift; sourceTree = "<group>"; };
		1AA594D82423B6F00039751B /* HomeViewController.swift */ = {isa = PBXFileReference; lastKnownFileType = sourcecode.swift; path = HomeViewController.swift; sourceTree = "<group>"; };
		1AA594DC2423CE790039751B /* CustomUtils.swift */ = {isa = PBXFileReference; lastKnownFileType = sourcecode.swift; path = CustomUtils.swift; sourceTree = "<group>"; };
		1AA594DE2423F1180039751B /* GoogleService-Info.plist */ = {isa = PBXFileReference; fileEncoding = 4; lastKnownFileType = text.plist.xml; path = "GoogleService-Info.plist"; sourceTree = "<group>"; };
		1AA594E0242438FE0039751B /* Constants.swift */ = {isa = PBXFileReference; lastKnownFileType = sourcecode.swift; path = Constants.swift; sourceTree = "<group>"; };
		24B40BA78EB1264D1AB0F187 /* Pods_LoginChallenge.framework */ = {isa = PBXFileReference; explicitFileType = wrapper.framework; includeInIndex = 0; path = Pods_LoginChallenge.framework; sourceTree = BUILT_PRODUCTS_DIR; };
		9D86F4CA49DBEE398EAA34F8 /* Pods-LoginChallenge.release.xcconfig */ = {isa = PBXFileReference; includeInIndex = 1; lastKnownFileType = text.xcconfig; name = "Pods-LoginChallenge.release.xcconfig"; path = "Target Support Files/Pods-LoginChallenge/Pods-LoginChallenge.release.xcconfig"; sourceTree = "<group>"; };
		FBA7D554103BD07C51D262F8 /* Pods-LoginChallenge.debug.xcconfig */ = {isa = PBXFileReference; includeInIndex = 1; lastKnownFileType = text.xcconfig; name = "Pods-LoginChallenge.debug.xcconfig"; path = "Target Support Files/Pods-LoginChallenge/Pods-LoginChallenge.debug.xcconfig"; sourceTree = "<group>"; };
/* End PBXFileReference section */

/* Begin PBXFrameworksBuildPhase section */
		1A5160E82423AE1900483CBA /* Frameworks */ = {
			isa = PBXFrameworksBuildPhase;
			buildActionMask = 2147483647;
			files = (
				F13573F76477956475E5630A /* Pods_LoginChallenge.framework in Frameworks */,
			);
			runOnlyForDeploymentPostprocessing = 0;
		};
/* End PBXFrameworksBuildPhase section */

/* Begin PBXGroup section */
		1A5160E22423AE1900483CBA = {
			isa = PBXGroup;
			children = (
				1A5160ED2423AE1900483CBA /* LoginChallenge */,
				1A5160EC2423AE1900483CBA /* Products */,
				5B4B8E8F022777C99B1C4985 /* Pods */,
				E00FD84385EC482432ECBDA9 /* Frameworks */,
			);
			sourceTree = "<group>";
		};
		1A5160EC2423AE1900483CBA /* Products */ = {
			isa = PBXGroup;
			children = (
				1A5160EB2423AE1900483CBA /* LoginChallenge.app */,
			);
			name = Products;
			sourceTree = "<group>";
		};
		1A5160ED2423AE1900483CBA /* LoginChallenge */ = {
			isa = PBXGroup;
			children = (
				1AA594DB2423CE2F0039751B /* Helpers */,
				1AA594DA2423B7040039751B /* View Controllers */,
				1A5160EE2423AE1900483CBA /* AppDelegate.swift */,
				1A5160F02423AE1900483CBA /* SceneDelegate.swift */,
				1AA594DE2423F1180039751B /* GoogleService-Info.plist */,
				1A5160F42423AE1900483CBA /* Main.storyboard */,
				1A5160F72423AE1E00483CBA /* Assets.xcassets */,
				1A5160F92423AE1E00483CBA /* LaunchScreen.storyboard */,
				1A5160FC2423AE1E00483CBA /* Info.plist */,
			);
			path = LoginChallenge;
			sourceTree = "<group>";
		};
		1AA594DA2423B7040039751B /* View Controllers */ = {
			isa = PBXGroup;
			children = (
				1A5160F22423AE1900483CBA /* ViewController.swift */,
				1AA594D42423B6B90039751B /* SingUpViewController.swift */,
				1AA594D62423B6D50039751B /* LoginViewController.swift */,
				1AA594D82423B6F00039751B /* HomeViewController.swift */,
			);
			path = "View Controllers";
			sourceTree = "<group>";
		};
		1AA594DB2423CE2F0039751B /* Helpers */ = {
			isa = PBXGroup;
			children = (
				1AA594DC2423CE790039751B /* CustomUtils.swift */,
				1AA594E0242438FE0039751B /* Constants.swift */,
			);
			path = Helpers;
			sourceTree = "<group>";
		};
		5B4B8E8F022777C99B1C4985 /* Pods */ = {
			isa = PBXGroup;
			children = (
				FBA7D554103BD07C51D262F8 /* Pods-LoginChallenge.debug.xcconfig */,
				9D86F4CA49DBEE398EAA34F8 /* Pods-LoginChallenge.release.xcconfig */,
			);
			path = Pods;
			sourceTree = "<group>";
		};
		E00FD84385EC482432ECBDA9 /* Frameworks */ = {
			isa = PBXGroup;
			children = (
				24B40BA78EB1264D1AB0F187 /* Pods_LoginChallenge.framework */,
			);
			name = Frameworks;
			sourceTree = "<group>";
		};
/* End PBXGroup section */

/* Begin PBXNativeTarget section */
		1A5160EA2423AE1900483CBA /* LoginChallenge */ = {
			isa = PBXNativeTarget;
			buildConfigurationList = 1A5160FF2423AE1E00483CBA /* Build configuration list for PBXNativeTarget "LoginChallenge" */;
			buildPhases = (
				F4FC73EE092E2F1A2FA8DFE3 /* [CP] Check Pods Manifest.lock */,
				1A5160E72423AE1900483CBA /* Sources */,
				1A5160E82423AE1900483CBA /* Frameworks */,
				1A5160E92423AE1900483CBA /* Resources */,
				D27EB22444BEFE02AE3A5B76 /* [CP] Embed Pods Frameworks */,
			);
			buildRules = (
			);
			dependencies = (
			);
			name = LoginChallenge;
			productName = LoginChallenge;
			productReference = 1A5160EB2423AE1900483CBA /* LoginChallenge.app */;
			productType = "com.apple.product-type.application";
		};
/* End PBXNativeTarget section */

/* Begin PBXProject section */
		1A5160E32423AE1900483CBA /* Project object */ = {
			isa = PBXProject;
			attributes = {
				LastSwiftUpdateCheck = 1130;
				LastUpgradeCheck = 1130;
				ORGANIZATIONNAME = "Sergio Sanchez";
				TargetAttributes = {
					1A5160EA2423AE1900483CBA = {
						CreatedOnToolsVersion = 11.3.1;
					};
				};
			};
			buildConfigurationList = 1A5160E62423AE1900483CBA /* Build configuration list for PBXProject "LoginChallenge" */;
			compatibilityVersion = "Xcode 9.3";
			developmentRegion = en;
			hasScannedForEncodings = 0;
			knownRegions = (
				en,
				Base,
			);
			mainGroup = 1A5160E22423AE1900483CBA;
			productRefGroup = 1A5160EC2423AE1900483CBA /* Products */;
			projectDirPath = "";
			projectRoot = "";
			targets = (
				1A5160EA2423AE1900483CBA /* LoginChallenge */,
			);
		};
/* End PBXProject section */

/* Begin PBXResourcesBuildPhase section */
		1A5160E92423AE1900483CBA /* Resources */ = {
			isa = PBXResourcesBuildPhase;
			buildActionMask = 2147483647;
			files = (
				1A5160FB2423AE1E00483CBA /* LaunchScreen.storyboard in Resources */,
				1AA594DF2423F1180039751B /* GoogleService-Info.plist in Resources */,
				1A5160F82423AE1E00483CBA /* Assets.xcassets in Resources */,
				1A5160F62423AE1900483CBA /* Main.storyboard in Resources */,
			);
			runOnlyForDeploymentPostprocessing = 0;
		};
/* End PBXResourcesBuildPhase section */

/* Begin PBXShellScriptBuildPhase section */
		D27EB22444BEFE02AE3A5B76 /* [CP] Embed Pods Frameworks */ = {
			isa = PBXShellScriptBuildPhase;
			buildActionMask = 2147483647;
			files = (
			);
			inputFileListPaths = (
				"${PODS_ROOT}/Target Support Files/Pods-LoginChallenge/Pods-LoginChallenge-frameworks-${CONFIGURATION}-input-files.xcfilelist",
			);
			name = "[CP] Embed Pods Frameworks";
			outputFileListPaths = (
				"${PODS_ROOT}/Target Support Files/Pods-LoginChallenge/Pods-LoginChallenge-frameworks-${CONFIGURATION}-output-files.xcfilelist",
			);
			runOnlyForDeploymentPostprocessing = 0;
			shellPath = /bin/sh;
			shellScript = "\"${PODS_ROOT}/Target Support Files/Pods-LoginChallenge/Pods-LoginChallenge-frameworks.sh\"\n";
			showEnvVarsInLog = 0;
		};
		F4FC73EE092E2F1A2FA8DFE3 /* [CP] Check Pods Manifest.lock */ = {
			isa = PBXShellScriptBuildPhase;
			buildActionMask = 2147483647;
			files = (
			);
			inputFileListPaths = (
			);
			inputPaths = (
				"${PODS_PODFILE_DIR_PATH}/Podfile.lock",
				"${PODS_ROOT}/Manifest.lock",
			);
			name = "[CP] Check Pods Manifest.lock";
			outputFileListPaths = (
			);
			outputPaths = (
				"$(DERIVED_FILE_DIR)/Pods-LoginChallenge-checkManifestLockResult.txt",
			);
			runOnlyForDeploymentPostprocessing = 0;
			shellPath = /bin/sh;
			shellScript = "diff \"${PODS_PODFILE_DIR_PATH}/Podfile.lock\" \"${PODS_ROOT}/Manifest.lock\" > /dev/null\nif [ $? != 0 ] ; then\n    # print error to STDERR\n    echo \"error: The sandbox is not in sync with the Podfile.lock. Run 'pod install' or update your CocoaPods installation.\" >&2\n    exit 1\nfi\n# This output is used by Xcode 'outputs' to avoid re-running this script phase.\necho \"SUCCESS\" > \"${SCRIPT_OUTPUT_FILE_0}\"\n";
			showEnvVarsInLog = 0;
		};
/* End PBXShellScriptBuildPhase section */

/* Begin PBXSourcesBuildPhase section */
		1A5160E72423AE1900483CBA /* Sources */ = {
			isa = PBXSourcesBuildPhase;
			buildActionMask = 2147483647;
			files = (
				1A5160F32423AE1900483CBA /* ViewController.swift in Sources */,
				1A5160EF2423AE1900483CBA /* AppDelegate.swift in Sources */,
				1AA594DD2423CE790039751B /* CustomUtils.swift in Sources */,
				1AA594D52423B6B90039751B /* SingUpViewController.swift in Sources */,
				1AA594D72423B6D50039751B /* LoginViewController.swift in Sources */,
				1A5160F12423AE1900483CBA /* SceneDelegate.swift in Sources */,
				1AA594D92423B6F00039751B /* HomeViewController.swift in Sources */,
				1AA594E1242438FE0039751B /* Constants.swift in Sources */,
			);
			runOnlyForDeploymentPostprocessing = 0;
		};
/* End PBXSourcesBuildPhase section */

/* Begin PBXVariantGroup section */
		1A5160F42423AE1900483CBA /* Main.storyboard */ = {
			isa = PBXVariantGroup;
			children = (
				1A5160F52423AE1900483CBA /* Base */,
			);
			name = Main.storyboard;
			sourceTree = "<group>";
		};
		1A5160F92423AE1E00483CBA /* LaunchScreen.storyboard */ = {
			isa = PBXVariantGroup;
			children = (
				1A5160FA2423AE1E00483CBA /* Base */,
			);
			name = LaunchScreen.storyboard;
			sourceTree = "<group>";
		};
/* End PBXVariantGroup section */

/* Begin XCBuildConfiguration section */
		1A5160FD2423AE1E00483CBA /* Debug */ = {
			isa = XCBuildConfiguration;
			buildSettings = {
				ALWAYS_SEARCH_USER_PATHS = NO;
				CLANG_ANALYZER_NONNULL = YES;
				CLANG_ANALYZER_NUMBER_OBJECT_CONVERSION = YES_AGGRESSIVE;
				CLANG_CXX_LANGUAGE_STANDARD = "gnu++14";
				CLANG_CXX_LIBRARY = "libc++";
				CLANG_ENABLE_MODULES = YES;
				CLANG_ENABLE_OBJC_ARC = YES;
				CLANG_ENABLE_OBJC_WEAK = YES;
				CLANG_WARN_BLOCK_CAPTURE_AUTORELEASING = YES;
				CLANG_WARN_BOOL_CONVERSION = YES;
				CLANG_WARN_COMMA = YES;
				CLANG_WARN_CONSTANT_CONVERSION = YES;
				CLANG_WARN_DEPRECATED_OBJC_IMPLEMENTATIONS = YES;
				CLANG_WARN_DIRECT_OBJC_ISA_USAGE = YES_ERROR;
				CLANG_WARN_DOCUMENTATION_COMMENTS = YES;
				CLANG_WARN_EMPTY_BODY = YES;
				CLANG_WARN_ENUM_CONVERSION = YES;
				CLANG_WARN_INFINITE_RECURSION = YES;
				CLANG_WARN_INT_CONVERSION = YES;
				CLANG_WARN_NON_LITERAL_NULL_CONVERSION = YES;
				CLANG_WARN_OBJC_IMPLICIT_RETAIN_SELF = YES;
				CLANG_WARN_OBJC_LITERAL_CONVERSION = YES;
				CLANG_WARN_OBJC_ROOT_CLASS = YES_ERROR;
				CLANG_WARN_RANGE_LOOP_ANALYSIS = YES;
				CLANG_WARN_STRICT_PROTOTYPES = YES;
				CLANG_WARN_SUSPICIOUS_MOVE = YES;
				CLANG_WARN_UNGUARDED_AVAILABILITY = YES_AGGRESSIVE;
				CLANG_WARN_UNREACHABLE_CODE = YES;
				CLANG_WARN__DUPLICATE_METHOD_MATCH = YES;
				COPY_PHASE_STRIP = NO;
				DEBUG_INFORMATION_FORMAT = dwarf;
				ENABLE_STRICT_OBJC_MSGSEND = YES;
				ENABLE_TESTABILITY = YES;
				GCC_C_LANGUAGE_STANDARD = gnu11;
				GCC_DYNAMIC_NO_PIC = NO;
				GCC_NO_COMMON_BLOCKS = YES;
				GCC_OPTIMIZATION_LEVEL = 0;
				GCC_PREPROCESSOR_DEFINITIONS = (
					"DEBUG=1",
					"$(inherited)",
				);
				GCC_WARN_64_TO_32_BIT_CONVERSION = YES;
				GCC_WARN_ABOUT_RETURN_TYPE = YES_ERROR;
				GCC_WARN_UNDECLARED_SELECTOR = YES;
				GCC_WARN_UNINITIALIZED_AUTOS = YES_AGGRESSIVE;
				GCC_WARN_UNUSED_FUNCTION = YES;
				GCC_WARN_UNUSED_VARIABLE = YES;
				IPHONEOS_DEPLOYMENT_TARGET = 13.2;
				MTL_ENABLE_DEBUG_INFO = INCLUDE_SOURCE;
				MTL_FAST_MATH = YES;
				ONLY_ACTIVE_ARCH = YES;
				SDKROOT = iphoneos;
				SWIFT_ACTIVE_COMPILATION_CONDITIONS = DEBUG;
				SWIFT_OPTIMIZATION_LEVEL = "-Onone";
			};
			name = Debug;
		};
		1A5160FE2423AE1E00483CBA /* Release */ = {
			isa = XCBuildConfiguration;
			buildSettings = {
				ALWAYS_SEARCH_USER_PATHS = NO;
				CLANG_ANALYZER_NONNULL = YES;
				CLANG_ANALYZER_NUMBER_OBJECT_CONVERSION = YES_AGGRESSIVE;
				CLANG_CXX_LANGUAGE_STANDARD = "gnu++14";
				CLANG_CXX_LIBRARY = "libc++";
				CLANG_ENABLE_MODULES = YES;
				CLANG_ENABLE_OBJC_ARC = YES;
				CLANG_ENABLE_OBJC_WEAK = YES;
				CLANG_WARN_BLOCK_CAPTURE_AUTORELEASING = YES;
				CLANG_WARN_BOOL_CONVERSION = YES;
				CLANG_WARN_COMMA = YES;
				CLANG_WARN_CONSTANT_CONVERSION = YES;
				CLANG_WARN_DEPRECATED_OBJC_IMPLEMENTATIONS = YES;
				CLANG_WARN_DIRECT_OBJC_ISA_USAGE = YES_ERROR;
				CLANG_WARN_DOCUMENTATION_COMMENTS = YES;
				CLANG_WARN_EMPTY_BODY = YES;
				CLANG_WARN_ENUM_CONVERSION = YES;
				CLANG_WARN_INFINITE_RECURSION = YES;
				CLANG_WARN_INT_CONVERSION = YES;
				CLANG_WARN_NON_LITERAL_NULL_CONVERSION = YES;
				CLANG_WARN_OBJC_IMPLICIT_RETAIN_SELF = YES;
				CLANG_WARN_OBJC_LITERAL_CONVERSION = YES;
				CLANG_WARN_OBJC_ROOT_CLASS = YES_ERROR;
				CLANG_WARN_RANGE_LOOP_ANALYSIS = YES;
				CLANG_WARN_STRICT_PROTOTYPES = YES;
				CLANG_WARN_SUSPICIOUS_MOVE = YES;
				CLANG_WARN_UNGUARDED_AVAILABILITY = YES_AGGRESSIVE;
				CLANG_WARN_UNREACHABLE_CODE = YES;
				CLANG_WARN__DUPLICATE_METHOD_MATCH = YES;
				COPY_PHASE_STRIP = NO;
				DEBUG_INFORMATION_FORMAT = "dwarf-with-dsym";
				ENABLE_NS_ASSERTIONS = NO;
				ENABLE_STRICT_OBJC_MSGSEND = YES;
				GCC_C_LANGUAGE_STANDARD = gnu11;
				GCC_NO_COMMON_BLOCKS = YES;
				GCC_WARN_64_TO_32_BIT_CONVERSION = YES;
				GCC_WARN_ABOUT_RETURN_TYPE = YES_ERROR;
				GCC_WARN_UNDECLARED_SELECTOR = YES;
				GCC_WARN_UNINITIALIZED_AUTOS = YES_AGGRESSIVE;
				GCC_WARN_UNUSED_FUNCTION = YES;
				GCC_WARN_UNUSED_VARIABLE = YES;
				IPHONEOS_DEPLOYMENT_TARGET = 13.2;
				MTL_ENABLE_DEBUG_INFO = NO;
				MTL_FAST_MATH = YES;
				SDKROOT = iphoneos;
				SWIFT_COMPILATION_MODE = wholemodule;
				SWIFT_OPTIMIZATION_LEVEL = "-O";
				VALIDATE_PRODUCT = YES;
			};
			name = Release;
		};
		1A5161002423AE1E00483CBA /* Debug */ = {
			isa = XCBuildConfiguration;
			baseConfigurationReference = FBA7D554103BD07C51D262F8 /* Pods-LoginChallenge.debug.xcconfig */;
			buildSettings = {
				ASSETCATALOG_COMPILER_APPICON_NAME = AppIcon;
				CODE_SIGN_STYLE = Automatic;
				INFOPLIST_FILE = LoginChallenge/Info.plist;
				LD_RUNPATH_SEARCH_PATHS = (
					"$(inherited)",
					"@executable_path/Frameworks",
				);
				PRODUCT_BUNDLE_IDENTIFIER = com.SSDev.LoginChallenge;
				PRODUCT_NAME = "$(TARGET_NAME)";
				SWIFT_VERSION = 5.0;
				TARGETED_DEVICE_FAMILY = "1,2";
			};
			name = Debug;
		};
		1A5161012423AE1E00483CBA /* Release */ = {
			isa = XCBuildConfiguration;
			baseConfigurationReference = 9D86F4CA49DBEE398EAA34F8 /* Pods-LoginChallenge.release.xcconfig */;
			buildSettings = {
				ASSETCATALOG_COMPILER_APPICON_NAME = AppIcon;
				CODE_SIGN_STYLE = Automatic;
				INFOPLIST_FILE = LoginChallenge/Info.plist;
				LD_RUNPATH_SEARCH_PATHS = (
					"$(inherited)",
					"@executable_path/Frameworks",
				);
				PRODUCT_BUNDLE_IDENTIFIER = com.SSDev.LoginChallenge;
				PRODUCT_NAME = "$(TARGET_NAME)";
				SWIFT_VERSION = 5.0;
				TARGETED_DEVICE_FAMILY = "1,2";
			};
			name = Release;
		};
/* End XCBuildConfiguration section */

/* Begin XCConfigurationList section */
		1A5160E62423AE1900483CBA /* Build configuration list for PBXProject "LoginChallenge" */ = {
			isa = XCConfigurationList;
			buildConfigurations = (
				1A5160FD2423AE1E00483CBA /* Debug */,
				1A5160FE2423AE1E00483CBA /* Release */,
			);
			defaultConfigurationIsVisible = 0;
			defaultConfigurationName = Release;
		};
		1A5160FF2423AE1E00483CBA /* Build configuration list for PBXNativeTarget "LoginChallenge" */ = {
			isa = XCConfigurationList;
			buildConfigurations = (
				1A5161002423AE1E00483CBA /* Debug */,
				1A5161012423AE1E00483CBA /* Release */,
			);
			defaultConfigurationIsVisible = 0;
			defaultConfigurationName = Release;
		};
/* End XCConfigurationList section */
	};
	rootObject = 1A5160E32423AE1900483CBA /* Project object */;
}
